
Microsoft Visual Studio Solution File, Format Version 11.00
# Visual Studio 2010
Project("{FAE04EC0-301F-11D3-BF4B-00C04F79EFBC}") = "Assembly-CSharp", "Assembly-CSharp.csproj", "{3B26FC3A-03C2-2488-2486-D77B7C123532}"
EndProject
Project("{FAE04EC0-301F-11D3-BF4B-00C04F79EFBC}") = "Assembly-CSharp-Editor", "Assembly-CSharp-Editor.csproj", "{8233634A-6493-9046-CD8C-D84FDB67EF50}"
EndProject
Global
	GlobalSection(SolutionConfigurationPlatforms) = preSolution
		Debug|Any CPU = Debug|Any CPU
		Release|Any CPU = Release|Any CPU
	EndGlobalSection
	GlobalSection(ProjectConfigurationPlatforms) = postSolution
		{3B26FC3A-03C2-2488-2486-D77B7C123532}.Debug|Any CPU.ActiveCfg = Debug|Any CPU
		{3B26FC3A-03C2-2488-2486-D77B7C123532}.Debug|Any CPU.Build.0 = Debug|Any CPU
		{3B26FC3A-03C2-2488-2486-D77B7C123532}.Release|Any CPU.ActiveCfg = Release|Any CPU
		{3B26FC3A-03C2-2488-2486-D77B7C123532}.Release|Any CPU.Build.0 = Release|Any CPU
		{8233634A-6493-9046-CD8C-D84FDB67EF50}.Debug|Any CPU.ActiveCfg = Debug|Any CPU
		{8233634A-6493-9046-CD8C-D84FDB67EF50}.Debug|Any CPU.Build.0 = Debug|Any CPU
		{8233634A-6493-9046-CD8C-D84FDB67EF50}.Release|Any CPU.ActiveCfg = Release|Any CPU
		{8233634A-6493-9046-CD8C-D84FDB67EF50}.Release|Any CPU.Build.0 = Release|Any CPU
	EndGlobalSection
	GlobalSection(SolutionProperties) = preSolution
		HideSolutionNode = FALSE
	EndGlobalSection
EndGlobal
